[[package]]
category = "main"
description = "Powerful and Lightweight Python Tree Data Structure.."
name = "anytree"
optional = false
python-versions = "*"
version = "2.8.0"

[package.dependencies]
six = ">=1.9.0"

[package.extras]
dev = ["check-manifest"]
test = ["coverage"]

[[package]]
category = "main"
description = "Python 2 and 3 compatibility utilities"
name = "six"
optional = false
python-versions = ">=2.7, !=3.0.*, !=3.1.*, !=3.2.*"
version = "1.15.0"

[[package]]
category = "main"
description = "Fast, Extensible Progress Meter"
name = "tqdm"
optional = false
python-versions = "!=3.0.*,!=3.1.*,!=3.2.*,!=3.3.*,>=2.7"
version = "4.59.0"

[package.extras]
dev = ["py-make (>=0.1.0)", "twine", "wheel"]
notebook = ["ipywidgets (>=6)"]
telegram = ["requests"]

[metadata]
content-hash = "214a0430fef2e0195a67e7322f44ff4526bc09385a06be489d36a0c10830c06e"
lock-version = "1.0"
python-versions = "^3.7"

[metadata.files]
anytree = [
    {file = "anytree-2.8.0-py2.py3-none-any.whl", hash = "sha256:14c55ac77492b11532395049a03b773d14c7e30b22aa012e337b1e983de31521"},
    {file = "anytree-2.8.0.tar.gz", hash = "sha256:3f0f93f355a91bc3e6245319bf4c1d50e3416cc7a35cc1133c1ff38306bbccab"},
]
six = [
    {file = "six-1.15.0-py2.py3-none-any.whl", hash = "sha256:8b74bedcbbbaca38ff6d7491d76f2b06b3592611af620f8426e82dddb04a5ced"},
    {file = "six-1.15.0.tar.gz", hash = "sha256:30639c035cdb23534cd4aa2dd52c3bf48f06e5f4a941509c8bafd8ce11080259"},
]
tqdm = [
    {file = "tqdm-4.59.0-py2.py3-none-any.whl", hash = "sha256:9fdf349068d047d4cfbe24862c425883af1db29bcddf4b0eeb2524f6fbdb23c7"},
    {file = "tqdm-4.59.0.tar.gz", hash = "sha256:d666ae29164da3e517fcf125e41d4fe96e5bb375cd87ff9763f6b38b5592fe33"},
]
